# This file is autogenerated, do not edit; changes may be undone by the next 'dep ensure'.


[[projects]]
  digest = "1:b856d8248663c39265a764561c1a1a149783f6cc815feb54a1f3a591b91f6eca"
  name = "github.com/Masterminds/semver"
  packages = ["."]
  pruneopts = ""
  revision = "c7af12943936e8c39859482e61f0574c2fd7fc75"
  version = "v1.4.2"

[[projects]]
  digest = "1:01842c027feebee8960f834fa057496492d764e0cf085fd6dc93319681b809ac"
  name = "github.com/aws/aws-sdk-go"
  packages = [
    "aws",
    "aws/awserr",
    "aws/awsutil",
    "aws/client",
    "aws/client/metadata",
    "aws/corehandlers",
    "aws/credentials",
    "aws/credentials/ec2rolecreds",
    "aws/credentials/endpointcreds",
    "aws/credentials/stscreds",
    "aws/defaults",
    "aws/ec2metadata",
    "aws/request",
    "aws/session",
    "aws/signer/v4",
    "private/endpoints",
    "private/protocol",
    "private/protocol/query",
    "private/protocol/query/queryutil",
    "private/protocol/rest",
    "private/protocol/restxml",
    "private/protocol/xml/xmlutil",
    "private/waiter",
    "service/s3",
    "service/sts",
  ]
  pruneopts = ""
  revision = "6c577e9e7b08a6d10bad1c9703227cd0403a8dd7"
  version = "v1.4.22"

[[projects]]
  digest = "1:611e5f4357220f2c5e2ef92193b33b4e7ecf840596d857079df4048b5d2a0398"
  name = "github.com/bmizerany/pat"
  packages = ["."]
  pruneopts = ""
  revision = "c068ca2f0aacee5ac3681d68e4d0a003b7d1fd2c"

[[projects]]
  digest = "1:427639ee47c23651bc2c23be07008fdac9be3fc7ef769aaea0f59e609b2aca34"
  name = "github.com/cloudfoundry-community/go-cfclient"
  packages = ["."]
  pruneopts = ""
  revision = "149e140bbeec150b461d9257942bd7777b6ad513"

[[projects]]
  digest = "1:361f5a84c08b8e12d8bd1569ff585e516bfc196882c5724126f8b96b7269b36f"
  name = "github.com/cloudfoundry-incubator/cf-test-helpers"
  packages = [
    "cf",
    "commandreporter",
    "commandstarter",
    "generator",
    "helpers",
    "helpers/internal",
    "internal",
    "silentcommandstarter",
    "workflowhelpers",
    "workflowhelpers/internal",
  ]
  pruneopts = ""
  revision = "ff434af77d370917e8129d00a34a6381e135a653"

[[projects]]
  digest = "1:ad603f73f356f3bfd6a104c1ec19ec3099af462a7eecffc23449b020e05c4f96"
  name = "github.com/cloudfoundry/cf-acceptance-tests"
  packages = [
    "helpers/config",
    "helpers/validationerrors",
  ]
  pruneopts = "UT"
  revision = "0dd6680ea3676c0ab6ec7336aa391251f5a75552"

[[projects]]
  branch = "master"
  digest = "1:458a7743018a51b622fac1a2c19f351673966b1a227586bc820d7c01a2c24f27"
  name = "github.com/cloudfoundry/gofileutils"
  packages = ["fileutils"]
  pruneopts = ""
  revision = "4d0c80011a0f37da1711c184028bc40137cd45af"

[[projects]]
  digest = "1:6032642eaa661e60df74515bef1ebfa556c4f935aefcdc23bd08b4b4e532aa5e"
  name = "github.com/concourse/atc"
  packages = [
    ".",
    "event",
  ]
  pruneopts = ""
  revision = "406261dbd7681e0ed1c8de6366994a4e935e0b55"

[[projects]]
  digest = "1:304f37a5bdcedf1396b5fc6120942836d094cf2214f6b436ea07e836ce84c727"
  name = "github.com/concourse/go-concourse"
  packages = [
    "concourse",
    "concourse/eventstream",
    "concourse/internal",
  ]
  pruneopts = ""
  revision = "b260442fef033f8d10163306d5387fdef5547fd2"

[[projects]]
  digest = "1:3804b8bce830c0cdfc9fdc4bc782e70d897c7d5ac9301f148935bc49dffadf72"
  name = "github.com/go-ini/ini"
  packages = ["."]
  pruneopts = ""
  revision = "5b3e00af70a9484542169a976dcab8d03e601a17"
  version = "v1.30.0"

[[projects]]
  digest = "1:a8747050e9847bd4eff5cf9635f590604e5028c14e37877995f62d3cc9b61281"
  name = "github.com/golang/protobuf"
  packages = ["proto"]
  pruneopts = ""
  revision = "3852dcfda249c2097355a6aabb199a28d97b30df"

[[projects]]
  branch = "master"
  digest = "1:304c322b62533a48ac052ffee80f67087fce1bc07186cd4e610a1b0e77765836"
  name = "github.com/hashicorp/errwrap"
  packages = ["."]
  pruneopts = ""
  revision = "7554cd9344cec97297fa6649b055a8c98c2a1e55"

[[projects]]
  digest = "1:05334858a0cfb538622a066e065287f63f42bee26a7fda93a789674225057201"
  name = "github.com/hashicorp/go-cleanhttp"
  packages = ["."]
  pruneopts = ""
  revision = "e8ab9daed8d1ddd2d3c4efba338fe2eeae2e4f18"
  version = "v0.5.0"

[[projects]]
  digest = "1:30ee02c120bb50fe24b237d87314e7045f83f28b35467529233dc76911ca1f34"
  name = "github.com/hashicorp/go-multierror"
  packages = ["."]
  pruneopts = ""
  revision = "8c5f0ad9360406a3807ce7de6bc73269a91a6e51"

[[projects]]
  digest = "1:776139dc18d63ef223ffaca5d8e9a3057174890f84393d3c881e934100b66dbc"
  name = "github.com/hashicorp/go-retryablehttp"
  packages = ["."]
  pruneopts = ""
  revision = "73489d0a1476f0c9e6fb03f9c39241523a496dfd"
  version = "v0.5.2"

[[projects]]
  digest = "1:e6f0b9e4dced4b6b5fedb810e2125a9f74dfe2ef1598c55ecb25e8b3d8f514ea"
  name = "github.com/jmespath/go-jmespath"
  packages = ["."]
  pruneopts = ""
  revision = "3433f3ea46d9f8019119e7dd41274e112a2359a9"
  version = "0.2.2"

[[projects]]
  digest = "1:fb8bce9822eac1e2aeee6c2621cf25c6dec8f8f5f50a09a4a894d7932bfb2106"
  name = "github.com/json-iterator/go"
  packages = ["."]
  pruneopts = ""
  revision = "acfec88f7a0d5140ace3dcdbee10184e3684a9e1"
  version = "v1.1.9"

[[projects]]
  digest = "1:ef2c25093248f6eb65ffd17f0ffe3b1c6f7c6a29deee72536e47a9be10db84fd"
  name = "github.com/mitchellh/mapstructure"
  packages = ["."]
  pruneopts = ""
  revision = "281073eb9eb092240d33ef253c404f1cca550309"

[[projects]]
  digest = "1:0c0ff2a89c1bb0d01887e1dac043ad7efbf3ec77482ef058ac423d13497e16fd"
  name = "github.com/modern-go/concurrent"
  packages = ["."]
  pruneopts = ""
  revision = "bacd9c7ef1dd9b15be4a9909b8ac7a4e313eec94"
  version = "1.0.3"

[[projects]]
  digest = "1:e32bdbdb7c377a07a9a46378290059822efdce5c8d96fe71940d87cb4f918855"
  name = "github.com/modern-go/reflect2"
  packages = ["."]
  pruneopts = ""
  revision = "4b7aa43c6742a2c18fdef89dd197aaae7dac7ccd"
  version = "1.0.1"

[[projects]]
  digest = "1:32b27072cd55bd2fb7244de0425943d125da6a552ae2b6517cdd965a662baf18"
  name = "github.com/onsi/ginkgo"
  packages = [
    ".",
    "config",
    "internal/codelocation",
    "internal/containernode",
    "internal/failer",
    "internal/leafnodes",
    "internal/remote",
    "internal/spec",
    "internal/spec_iterator",
    "internal/specrunner",
    "internal/suite",
    "internal/testingtproxy",
    "internal/writer",
    "reporters",
    "reporters/stenographer",
    "reporters/stenographer/support/go-colorable",
    "reporters/stenographer/support/go-isatty",
    "types",
  ]
  pruneopts = ""
  revision = "9eda700730cba42af70d53180f9dcce9266bc2bc"
  version = "v1.4.0"

[[projects]]
  digest = "1:a4e59d0b2821c983b58c317f141cd77df20570979632da8a7a352e5d12698de7"
  name = "github.com/onsi/gomega"
  packages = [
    ".",
    "format",
    "gbytes",
    "gexec",
    "ghttp",
    "internal/assertion",
    "internal/asyncassertion",
    "internal/oraclematcher",
    "internal/testingtsupport",
    "matchers",
    "matchers/support/goraph/bipartitegraph",
    "matchers/support/goraph/edge",
    "matchers/support/goraph/node",
    "matchers/support/goraph/util",
    "types",
  ]
  pruneopts = ""
  revision = "c893efa28eb45626cdaa76c9f653b62488858837"
  version = "v1.2.0"

[[projects]]
  digest = "1:bd684c17e4d8f611ebfeb473e1dcd43b493cb6306ee64010412e378db69e5a4a"
  name = "github.com/peterhellberg/link"
  packages = ["."]
  pruneopts = ""
  revision = "d1cebc7ea14a5fc0de7cb4a45acae773161642c6"
  version = "v1.0.0"

[[projects]]
  digest = "1:7365acd48986e205ccb8652cc746f09c8b7876030d53710ea6ef7d0bd0dcd7ca"
  name = "github.com/pkg/errors"
  packages = ["."]
  pruneopts = ""
  revision = "645ef00459ed84a119197bfb8d8205042c6df63d"
  version = "v0.8.0"

[[projects]]
  digest = "1:08017236b468131da451f8aec15024b39231dd30f5bfeffe8c160fc98f1273f7"
  name = "github.com/prometheus/client_golang"
  packages = [
    "api",
    "api/prometheus/v1",
  ]
  pruneopts = ""
  revision = "c42bebe5a5cddfc6b28cd639103369d8a75dfa89"
  version = "v1.3.0"

[[projects]]
  digest = "1:8904acfa3ef080005c1fc0670ed0471739d1e211be5638cfa6af536b701942ae"
  name = "github.com/prometheus/common"
  packages = ["model"]
  pruneopts = ""
  revision = "287d3e634a1e550c9e463dd7e5a75a422c614505"
  version = "v0.7.0"

[[projects]]
  branch = "master"
  digest = "1:208a966ea8c776692f7c207513765def77b3e9f2af7ffac048aee8261a6479db"
  name = "github.com/streadway/quantile"
  packages = ["."]
  pruneopts = ""
  revision = "b0c588724d25ae13f5afb3d90efec0edc636432b"

[[projects]]
  digest = "1:0c530cc3b0ce448d7924e9820b0ff4f7246e4deab6342d75404f56ccc3426463"
  name = "github.com/tedsuo/rata"
  packages = ["."]
  pruneopts = ""
  revision = "b15ebd8bd97ae9202eb00c076d59b2f2824bce37"

[[projects]]
  digest = "1:e424112befb86831a2ac0e801c252828704fac81ed58230999ca0d2e409302c9"
  name = "github.com/tsenart/vegeta"
  packages = ["lib"]
  pruneopts = ""
  revision = "9f28db162ce19bb52817af4fd9b5801b1f2772c5"
  version = "v6.3.0"

[[projects]]
  branch = "master"
  digest = "1:f1ddb267e59afd889997e0b013898419eaf2fe9305b5e8cbccf2163509ef033c"
  name = "github.com/vito/go-sse"
  packages = ["sse"]
  pruneopts = ""
  revision = "fd69d275caac5d78d793e77ddbe9bd2001d9b88d"

[[projects]]
  branch = "master"
  digest = "1:fbdbb6cf8db3278412c9425ad78b26bb8eb788181f26a3ffb3e4f216b314f86a"
  name = "golang.org/x/net"
  packages = [
    "context",
    "context/ctxhttp",
    "html",
    "html/atom",
    "html/charset",
    "http/httpguts",
    "http2",
    "http2/hpack",
    "idna",
  ]
  pruneopts = ""
  revision = "26e67e76b6c3f6ce91f7c52def5af501b4e0f3a2"

[[projects]]
  branch = "master"
  digest = "1:119b9c6d2bc95bbf8a69777ed361562b32cc7f22e8610a553d8f9e17d74a0406"
  name = "golang.org/x/oauth2"
  packages = [
    ".",
    "clientcredentials",
    "internal",
  ]
  pruneopts = ""
  revision = "d89af98d7c6bba047c5a2622f36bc14b8766df85"

[[projects]]
  branch = "master"
  digest = "1:5b10d2a0d1d7103d88617b2fc877b5aefb22b4fca0cbd6a600ff816f2fb511d3"
  name = "golang.org/x/sys"
  packages = ["unix"]
  pruneopts = ""
  revision = "9aade4d3a3b7e6d876cd3823ad20ec45fc035402"

[[projects]]
  branch = "master"
  digest = "1:653926785eac385fd1d61dc16360a5194c68d4bf2541234363a9375d2e88a039"
  name = "golang.org/x/text"
  packages = [
    "encoding",
    "encoding/charmap",
    "encoding/htmlindex",
    "encoding/internal",
    "encoding/internal/identifier",
    "encoding/japanese",
    "encoding/korean",
    "encoding/simplifiedchinese",
    "encoding/traditionalchinese",
    "encoding/unicode",
    "internal/gen",
    "internal/tag",
    "internal/triegen",
    "internal/ucd",
    "internal/utf8internal",
    "language",
    "runes",
    "secure/bidirule",
    "transform",
    "unicode/bidi",
    "unicode/cldr",
    "unicode/norm",
    "unicode/rangetable",
  ]
  pruneopts = ""
  revision = "bd91bbf73e9a4a801adbfb97133c992678533126"

[[projects]]
  digest = "1:934fb8966f303ede63aa405e2c8d7f0a427a05ea8df335dfdc1833dd4d40756f"
  name = "google.golang.org/appengine"
  packages = [
    "internal",
    "internal/base",
    "internal/datastore",
    "internal/log",
    "internal/remote_api",
    "internal/urlfetch",
    "urlfetch",
  ]
  pruneopts = ""
  revision = "150dc57a1b433e64154302bdc40b6bb8aefa313a"
  version = "v1.0.0"

[[projects]]
  branch = "v2"
  digest = "1:f0620375dd1f6251d9973b5f2596228cc8042e887cd7f827e4220bc1ce8c30e2"
  name = "gopkg.in/yaml.v2"
  packages = ["."]
  pruneopts = ""
  revision = "5420a8b6744d3b0345ab293f6fcba19c978f1183"

[solve-meta]
  analyzer-name = "dep"
  analyzer-version = 1
  input-imports = [
    "github.com/aws/aws-sdk-go/aws",
    "github.com/aws/aws-sdk-go/aws/session",
    "github.com/aws/aws-sdk-go/service/s3",
    "github.com/cloudfoundry-community/go-cfclient",
    "github.com/cloudfoundry-incubator/cf-test-helpers/cf",
    "github.com/cloudfoundry-incubator/cf-test-helpers/generator",
    "github.com/cloudfoundry-incubator/cf-test-helpers/helpers",
    "github.com/cloudfoundry-incubator/cf-test-helpers/workflowhelpers",
    "github.com/cloudfoundry/cf-acceptance-tests/helpers/config",
    "github.com/concourse/atc",
    "github.com/concourse/go-concourse/concourse",
    "github.com/hashicorp/go-retryablehttp",
    "github.com/onsi/ginkgo",
    "github.com/onsi/gomega",
    "github.com/onsi/gomega/gbytes",
    "github.com/onsi/gomega/gexec",
    "github.com/onsi/gomega/ghttp",
    "github.com/prometheus/client_golang/api",
    "github.com/prometheus/client_golang/api/prometheus/v1",
    "github.com/prometheus/common/model",
    "github.com/tsenart/vegeta/lib",
  ]
  solver-name = "gps-cdcl"
  solver-version = 1
