# This file is autogenerated, do not edit; changes may be undone by the next 'dep ensure'.


[[projects]]
  name = "github.com/bmizerany/pat"
  packages = ["."]
  revision = "c068ca2f0aacee5ac3681d68e4d0a003b7d1fd2c"

[[projects]]
  name = "github.com/concourse/atc"
  packages = [".","event"]
  revision = "406261dbd7681e0ed1c8de6366994a4e935e0b55"

[[projects]]
  name = "github.com/concourse/go-concourse"
  packages = ["concourse","concourse/eventstream","concourse/internal"]
  revision = "b260442fef033f8d10163306d5387fdef5547fd2"

[[projects]]
  name = "github.com/golang/protobuf"
  packages = ["proto"]
  revision = "3852dcfda249c2097355a6aabb199a28d97b30df"

[[projects]]
  branch = "master"
  name = "github.com/hashicorp/errwrap"
  packages = ["."]
  revision = "7554cd9344cec97297fa6649b055a8c98c2a1e55"

[[projects]]
  name = "github.com/hashicorp/go-multierror"
  packages = ["."]
  revision = "8c5f0ad9360406a3807ce7de6bc73269a91a6e51"

[[projects]]
  name = "github.com/mitchellh/mapstructure"
  packages = ["."]
  revision = "281073eb9eb092240d33ef253c404f1cca550309"

[[projects]]
  name = "github.com/onsi/ginkgo"
  packages = [".","config","internal/codelocation","internal/containernode","internal/failer","internal/leafnodes","internal/remote","internal/spec","internal/spec_iterator","internal/specrunner","internal/suite","internal/testingtproxy","internal/writer","reporters","reporters/stenographer","reporters/stenographer/support/go-colorable","reporters/stenographer/support/go-isatty","types"]
  revision = "9eda700730cba42af70d53180f9dcce9266bc2bc"
  version = "v1.4.0"

[[projects]]
  name = "github.com/onsi/gomega"
  packages = [".","format","ghttp","internal/assertion","internal/asyncassertion","internal/oraclematcher","internal/testingtsupport","matchers","matchers/support/goraph/bipartitegraph","matchers/support/goraph/edge","matchers/support/goraph/node","matchers/support/goraph/util","types"]
  revision = "c893efa28eb45626cdaa76c9f653b62488858837"
  version = "v1.2.0"

[[projects]]
  name = "github.com/peterhellberg/link"
  packages = ["."]
  revision = "d1cebc7ea14a5fc0de7cb4a45acae773161642c6"
  version = "v1.0.0"

[[projects]]
  branch = "master"
  name = "github.com/streadway/quantile"
  packages = ["."]
  revision = "b0c588724d25ae13f5afb3d90efec0edc636432b"

[[projects]]
  name = "github.com/tedsuo/rata"
  packages = ["."]
  revision = "b15ebd8bd97ae9202eb00c076d59b2f2824bce37"

[[projects]]
  name = "github.com/tsenart/vegeta"
  packages = ["lib"]
  revision = "9f28db162ce19bb52817af4fd9b5801b1f2772c5"
  version = "v6.3.0"

[[projects]]
  branch = "master"
  name = "github.com/vito/go-sse"
  packages = ["sse"]
  revision = "fd69d275caac5d78d793e77ddbe9bd2001d9b88d"

[[projects]]
  name = "golang.org/x/net"
  packages = ["html","html/atom","html/charset","http2","http2/hpack"]
  revision = "af4fee9d05b66edc24197d189e6118f8ebce8c2b"

[[projects]]
  branch = "master"
  name = "golang.org/x/sys"
  packages = ["unix"]
  revision = "9aade4d3a3b7e6d876cd3823ad20ec45fc035402"

[[projects]]
  branch = "master"
  name = "golang.org/x/text"
  packages = ["encoding","encoding/charmap","encoding/htmlindex","encoding/internal","encoding/internal/identifier","encoding/japanese","encoding/korean","encoding/simplifiedchinese","encoding/traditionalchinese","encoding/unicode","internal/gen","internal/tag","internal/utf8internal","language","runes","transform","unicode/cldr"]
  revision = "bd91bbf73e9a4a801adbfb97133c992678533126"

[[projects]]
  name = "gopkg.in/yaml.v2"
  packages = ["."]
  revision = "a83829b6f1293c91addabc89d0571c246397bbf4"

[solve-meta]
  analyzer-name = "dep"
  analyzer-version = 1
  inputs-digest = "880ad5f1763a921c4333312130b58ff5f203c3add718ce67e49c9ad934acdd42"
  solver-name = "gps-cdcl"
  solver-version = 1
